
Microsoft Visual Studio Solution File, Format Version 12.00
# Visual Studio Version 17
VisualStudioVersion = 17.3.32901.215
MinimumVisualStudioVersion = 10.0.40219.1
Project("{FAE04EC0-301F-11D3-BF4B-00C04F79EFBC}") = "method", "method\method.csproj", "{B8088FAE-BB93-4080-BC62-01DBE1EB3E57}"
EndProject
Global
	GlobalSection(SolutionConfigurationPlatforms) = preSolution
		Debug|Any CPU = Debug|Any CPU
		Release|Any CPU = Release|Any CPU
	EndGlobalSection
	GlobalSection(ProjectConfigurationPlatforms) = postSolution
		{B8088FAE-BB93-4080-BC62-01DBE1EB3E57}.Debug|Any CPU.ActiveCfg = Debug|Any CPU
		{B8088FAE-BB93-4080-BC62-01DBE1EB3E57}.Debug|Any CPU.Build.0 = Debug|Any CPU
		{B8088FAE-BB93-4080-BC62-01DBE1EB3E57}.Release|Any CPU.ActiveCfg = Release|Any CPU
		{B8088FAE-BB93-4080-BC62-01DBE1EB3E57}.Release|Any CPU.Build.0 = Release|Any CPU
	EndGlobalSection
	GlobalSection(SolutionProperties) = preSolution
		HideSolutionNode = FALSE
	EndGlobalSection
	GlobalSection(ExtensibilityGlobals) = postSolution
		SolutionGuid = {6F7143B4-95FB-4C07-8758-7263127E934F}
	EndGlobalSection
EndGlobal
